// !$*UTF8*$!
{
    archiveVersion = 1;
    classes = {};
    objectVersion = 56;
    objects = {
        100003E9200003E9300003E9 /* AppError.swift in Sources */ = {isa = PBXBuildFile; fileRef = 100000012000000130000001 /* AppError.swift */; };
        100000012000000130000001 /* AppError.swift */ = {isa = PBXFileReference; lastKnownFileType = sourcecode.swift; path = "SmartGradeScanner/App/AppError.swift"; sourceTree = SOURCE_ROOT; };
        100003EA200003EA300003EA /* SmartGradeScannerApp.swift in Sources */ = {isa = PBXBuildFile; fileRef = 100000022000000230000002 /* SmartGradeScannerApp.swift */; };
        100000022000000230000002 /* SmartGradeScannerApp.swift */ = {isa = PBXFileReference; lastKnownFileType = sourcecode.swift; path = "SmartGradeScanner/App/SmartGradeScannerApp.swift"; sourceTree = SOURCE_ROOT; };
        100003EB200003EB300003EB /* AnswerKey.swift in Sources */ = {isa = PBXBuildFile; fileRef = 100000032000000330000003 /* AnswerKey.swift */; };
        100000032000000330000003 /* AnswerKey.swift */ = {isa = PBXFileReference; lastKnownFileType = sourcecode.swift; path = "SmartGradeScanner/Models/AnswerKey.swift"; sourceTree = SOURCE_ROOT; };
        100003EC200003EC300003EC /* Classroom.swift in Sources */ = {isa = PBXBuildFile; fileRef = 100000042000000430000004 /* Classroom.swift */; };
        100000042000000430000004 /* Classroom.swift */ = {isa = PBXFileReference; lastKnownFileType = sourcecode.swift; path = "SmartGradeScanner/Models/Classroom.swift"; sourceTree = SOURCE_ROOT; };
        100003ED200003ED300003ED /* Exam.swift in Sources */ = {isa = PBXBuildFile; fileRef = 100000052000000530000005 /* Exam.swift */; };
        100000052000000530000005 /* Exam.swift */ = {isa = PBXFileReference; lastKnownFileType = sourcecode.swift; path = "SmartGradeScanner/Models/Exam.swift"; sourceTree = SOURCE_ROOT; };
        100003EE200003EE300003EE /* ExamResult.swift in Sources */ = {isa = PBXBuildFile; fileRef = 100000062000000630000006 /* ExamResult.swift */; };
        100000062000000630000006 /* ExamResult.swift */ = {isa = PBXFileReference; lastKnownFileType = sourcecode.swift; path = "SmartGradeScanner/Models/ExamResult.swift"; sourceTree = SOURCE_ROOT; };
        100003EF200003EF300003EF /* ExamTemplate.swift in Sources */ = {isa = PBXBuildFile; fileRef = 100000072000000730000007 /* ExamTemplate.swift */; };
        100000072000000730000007 /* ExamTemplate.swift */ = {isa = PBXFileReference; lastKnownFileType = sourcecode.swift; path = "SmartGradeScanner/Models/ExamTemplate.swift"; sourceTree = SOURCE_ROOT; };
        100003F0200003F0300003F0 /* OMRTypes.swift in Sources */ = {isa = PBXBuildFile; fileRef = 100000082000000830000008 /* OMRTypes.swift */; };
        100000082000000830000008 /* OMRTypes.swift */ = {isa = PBXFileReference; lastKnownFileType = sourcecode.swift; path = "SmartGradeScanner/Models/OMRTypes.swift"; sourceTree = SOURCE_ROOT; };
        100003F1200003F1300003F1 /* Question.swift in Sources */ = {isa = PBXBuildFile; fileRef = 100000092000000930000009 /* Question.swift */; };
        100000092000000930000009 /* Question.swift */ = {isa = PBXFileReference; lastKnownFileType = sourcecode.swift; path = "SmartGradeScanner/Models/Question.swift"; sourceTree = SOURCE_ROOT; };
        100003F2200003F2300003F2 /* ScanSession.swift in Sources */ = {isa = PBXBuildFile; fileRef = 1000000A2000000A3000000A /* ScanSession.swift */; };
        1000000A2000000A3000000A /* ScanSession.swift */ = {isa = PBXFileReference; lastKnownFileType = sourcecode.swift; path = "SmartGradeScanner/Models/ScanSession.swift"; sourceTree = SOURCE_ROOT; };
        100003F3200003F3300003F3 /* Student.swift in Sources */ = {isa = PBXBuildFile; fileRef = 1000000B2000000B3000000B /* Student.swift */; };
        1000000B2000000B3000000B /* Student.swift */ = {isa = PBXFileReference; lastKnownFileType = sourcecode.swift; path = "SmartGradeScanner/Models/Student.swift"; sourceTree = SOURCE_ROOT; };
        100003F4200003F4300003F4 /* StudentResponse.swift in Sources */ = {isa = PBXBuildFile; fileRef = 1000000C2000000C3000000C /* StudentResponse.swift */; };
        1000000C2000000C3000000C /* StudentResponse.swift */ = {isa = PBXFileReference; lastKnownFileType = sourcecode.swift; path = "SmartGradeScanner/Models/StudentResponse.swift"; sourceTree = SOURCE_ROOT; };
        100003F5200003F5300003F5 /* ModelContainerFactory.swift in Sources */ = {isa = PBXBuildFile; fileRef = 1000000D2000000D3000000D /* ModelContainerFactory.swift */; };
        1000000D2000000D3000000D /* ModelContainerFactory.swift */ = {isa = PBXFileReference; lastKnownFileType = sourcecode.swift; path = "SmartGradeScanner/Persistence/ModelContainerFactory.swift"; sourceTree = SOURCE_ROOT; };
        100003F6200003F6300003F6 /* SampleDataSeeder.swift in Sources */ = {isa = PBXBuildFile; fileRef = 1000000E2000000E3000000E /* SampleDataSeeder.swift */; };
        1000000E2000000E3000000E /* SampleDataSeeder.swift */ = {isa = PBXFileReference; lastKnownFileType = sourcecode.swift; path = "SmartGradeScanner/Persistence/SampleDataSeeder.swift"; sourceTree = SOURCE_ROOT; };
        100003F7200003F7300003F7 /* CameraPermissionService.swift in Sources */ = {isa = PBXBuildFile; fileRef = 1000000F2000000F3000000F /* CameraPermissionService.swift */; };
        1000000F2000000F3000000F /* CameraPermissionService.swift */ = {isa = PBXFileReference; lastKnownFileType = sourcecode.swift; path = "SmartGradeScanner/Services/Camera/CameraPermissionService.swift"; sourceTree = SOURCE_ROOT; };
        100003F8200003F8300003F8 /* CameraPreview.swift in Sources */ = {isa = PBXBuildFile; fileRef = 100000102000001030000010 /* CameraPreview.swift */; };
        100000102000001030000010 /* CameraPreview.swift */ = {isa = PBXFileReference; lastKnownFileType = sourcecode.swift; path = "SmartGradeScanner/Services/Camera/CameraPreview.swift"; sourceTree = SOURCE_ROOT; };
        100003F9200003F9300003F9 /* CameraService.swift in Sources */ = {isa = PBXBuildFile; fileRef = 100000112000001130000011 /* CameraService.swift */; };
        100000112000001130000011 /* CameraService.swift */ = {isa = PBXFileReference; lastKnownFileType = sourcecode.swift; path = "SmartGradeScanner/Services/Camera/CameraService.swift"; sourceTree = SOURCE_ROOT; };
        100003FA200003FA300003FA /* DocumentScannerView.swift in Sources */ = {isa = PBXBuildFile; fileRef = 100000122000001230000012 /* DocumentScannerView.swift */; };
        100000122000001230000012 /* DocumentScannerView.swift */ = {isa = PBXFileReference; lastKnownFileType = sourcecode.swift; path = "SmartGradeScanner/Services/Camera/DocumentScannerView.swift"; sourceTree = SOURCE_ROOT; };
        100003FB200003FB300003FB /* LiveDocumentDetector.swift in Sources */ = {isa = PBXBuildFile; fileRef = 100000132000001330000013 /* LiveDocumentDetector.swift */; };
        100000132000001330000013 /* LiveDocumentDetector.swift */ = {isa = PBXFileReference; lastKnownFileType = sourcecode.swift; path = "SmartGradeScanner/Services/Camera/LiveDocumentDetector.swift"; sourceTree = SOURCE_ROOT; };
        100003FC200003FC300003FC /* CSVExportService.swift in Sources */ = {isa = PBXBuildFile; fileRef = 100000142000001430000014 /* CSVExportService.swift */; };
        100000142000001430000014 /* CSVExportService.swift */ = {isa = PBXFileReference; lastKnownFileType = sourcecode.swift; path = "SmartGradeScanner/Services/Export/CSVExportService.swift"; sourceTree = SOURCE_ROOT; };
        100003FD200003FD300003FD /* PDFReportService.swift in Sources */ = {isa = PBXBuildFile; fileRef = 100000152000001530000015 /* PDFReportService.swift */; };
        100000152000001530000015 /* PDFReportService.swift */ = {isa = PBXFileReference; lastKnownFileType = sourcecode.swift; path = "SmartGradeScanner/Services/Export/PDFReportService.swift"; sourceTree = SOURCE_ROOT; };
        100003FE200003FE300003FE /* GradingService.swift in Sources */ = {isa = PBXBuildFile; fileRef = 100000162000001630000016 /* GradingService.swift */; };
        100000162000001630000016 /* GradingService.swift */ = {isa = PBXFileReference; lastKnownFileType = sourcecode.swift; path = "SmartGradeScanner/Services/Grading/GradingService.swift"; sourceTree = SOURCE_ROOT; };
        100003FF200003FF300003FF /* StatisticsService.swift in Sources */ = {isa = PBXBuildFile; fileRef = 100000172000001730000017 /* StatisticsService.swift */; };
        100000172000001730000017 /* StatisticsService.swift */ = {isa = PBXFileReference; lastKnownFileType = sourcecode.swift; path = "SmartGradeScanner/Services/Grading/StatisticsService.swift"; sourceTree = SOURCE_ROOT; };
        100004002000040030000400 /* OCRService.swift in Sources */ = {isa = PBXBuildFile; fileRef = 100000182000001830000018 /* OCRService.swift */; };
        100000182000001830000018 /* OCRService.swift */ = {isa = PBXFileReference; lastKnownFileType = sourcecode.swift; path = "SmartGradeScanner/Services/OCR/OCRService.swift"; sourceTree = SOURCE_ROOT; };
        100004012000040130000401 /* BubbleClassifier.swift in Sources */ = {isa = PBXBuildFile; fileRef = 100000192000001930000019 /* BubbleClassifier.swift */; };
        100000192000001930000019 /* BubbleClassifier.swift */ = {isa = PBXFileReference; lastKnownFileType = sourcecode.swift; path = "SmartGradeScanner/Services/OMR/BubbleClassifier.swift"; sourceTree = SOURCE_ROOT; };
        100004022000040230000402 /* DocumentDetectionService.swift in Sources */ = {isa = PBXBuildFile; fileRef = 1000001A2000001A3000001A /* DocumentDetectionService.swift */; };
        1000001A2000001A3000001A /* DocumentDetectionService.swift */ = {isa = PBXFileReference; lastKnownFileType = sourcecode.swift; path = "SmartGradeScanner/Services/OMR/DocumentDetectionService.swift"; sourceTree = SOURCE_ROOT; };
        100004032000040330000403 /* GrayImage.swift in Sources */ = {isa = PBXBuildFile; fileRef = 1000001B2000001B3000001B /* GrayImage.swift */; };
        1000001B2000001B3000001B /* GrayImage.swift */ = {isa = PBXFileReference; lastKnownFileType = sourcecode.swift; path = "SmartGradeScanner/Services/OMR/GrayImage.swift"; sourceTree = SOURCE_ROOT; };
        100004042000040430000404 /* HomographySolver.swift in Sources */ = {isa = PBXBuildFile; fileRef = 1000001C2000001C3000001C /* HomographySolver.swift */; };
        1000001C2000001C3000001C /* HomographySolver.swift */ = {isa = PBXFileReference; lastKnownFileType = sourcecode.swift; path = "SmartGradeScanner/Services/OMR/HomographySolver.swift"; sourceTree = SOURCE_ROOT; };
        100004052000040530000405 /* ImagePreprocessor.swift in Sources */ = {isa = PBXBuildFile; fileRef = 1000001D2000001D3000001D /* ImagePreprocessor.swift */; };
        1000001D2000001D3000001D /* ImagePreprocessor.swift */ = {isa = PBXFileReference; lastKnownFileType = sourcecode.swift; path = "SmartGradeScanner/Services/OMR/ImagePreprocessor.swift"; sourceTree = SOURCE_ROOT; };
        100004062000040630000406 /* ImageQualityAnalyzer.swift in Sources */ = {isa = PBXBuildFile; fileRef = 1000001E2000001E3000001E /* ImageQualityAnalyzer.swift */; };
        1000001E2000001E3000001E /* ImageQualityAnalyzer.swift */ = {isa = PBXFileReference; lastKnownFileType = sourcecode.swift; path = "SmartGradeScanner/Services/OMR/ImageQualityAnalyzer.swift"; sourceTree = SOURCE_ROOT; };
        100004072000040730000407 /* MarkerDetectionService.swift in Sources */ = {isa = PBXBuildFile; fileRef = 1000001F2000001F3000001F /* MarkerDetectionService.swift */; };
        1000001F2000001F3000001F /* MarkerDetectionService.swift */ = {isa = PBXFileReference; lastKnownFileType = sourcecode.swift; path = "SmartGradeScanner/Services/OMR/MarkerDetectionService.swift"; sourceTree = SOURCE_ROOT; };
        100004082000040830000408 /* OMRProcessor.swift in Sources */ = {isa = PBXBuildFile; fileRef = 100000202000002030000020 /* OMRProcessor.swift */; };
        100000202000002030000020 /* OMRProcessor.swift */ = {isa = PBXFileReference; lastKnownFileType = sourcecode.swift; path = "SmartGradeScanner/Services/OMR/OMRProcessor.swift"; sourceTree = SOURCE_ROOT; };
        100004092000040930000409 /* StudentIDDetector.swift in Sources */ = {isa = PBXBuildFile; fileRef = 100000212000002130000021 /* StudentIDDetector.swift */; };
        100000212000002130000021 /* StudentIDDetector.swift */ = {isa = PBXFileReference; lastKnownFileType = sourcecode.swift; path = "SmartGradeScanner/Services/OMR/StudentIDDetector.swift"; sourceTree = SOURCE_ROOT; };
        1000040A2000040A3000040A /* TemplateAlignmentService.swift in Sources */ = {isa = PBXBuildFile; fileRef = 100000222000002230000022 /* TemplateAlignmentService.swift */; };
        100000222000002230000022 /* TemplateAlignmentService.swift */ = {isa = PBXFileReference; lastKnownFileType = sourcecode.swift; path = "SmartGradeScanner/Services/OMR/TemplateAlignmentService.swift"; sourceTree = SOURCE_ROOT; };
        1000040B2000040B3000040B /* ThresholdCalibrator.swift in Sources */ = {isa = PBXBuildFile; fileRef = 100000232000002330000023 /* ThresholdCalibrator.swift */; };
        100000232000002330000023 /* ThresholdCalibrator.swift */ = {isa = PBXFileReference; lastKnownFileType = sourcecode.swift; path = "SmartGradeScanner/Services/OMR/ThresholdCalibrator.swift"; sourceTree = SOURCE_ROOT; };
        1000040C2000040C3000040C /* ImageRenderer.swift in Sources */ = {isa = PBXBuildFile; fileRef = 100000242000002430000024 /* ImageRenderer.swift */; };
        100000242000002430000024 /* ImageRenderer.swift */ = {isa = PBXFileReference; lastKnownFileType = sourcecode.swift; path = "SmartGradeScanner/Utilities/ImageRenderer.swift"; sourceTree = SOURCE_ROOT; };
        1000040D2000040D3000040D /* ScannerViewModel.swift in Sources */ = {isa = PBXBuildFile; fileRef = 100000252000002530000025 /* ScannerViewModel.swift */; };
        100000252000002530000025 /* ScannerViewModel.swift */ = {isa = PBXFileReference; lastKnownFileType = sourcecode.swift; path = "SmartGradeScanner/ViewModels/ScannerViewModel.swift"; sourceTree = SOURCE_ROOT; };
        1000040E2000040E3000040E /* StudentsViewModel.swift in Sources */ = {isa = PBXBuildFile; fileRef = 100000262000002630000026 /* StudentsViewModel.swift */; };
        100000262000002630000026 /* StudentsViewModel.swift */ = {isa = PBXFileReference; lastKnownFileType = sourcecode.swift; path = "SmartGradeScanner/ViewModels/StudentsViewModel.swift"; sourceTree = SOURCE_ROOT; };
        1000040F2000040F3000040F /* ClassroomListView.swift in Sources */ = {isa = PBXBuildFile; fileRef = 100000272000002730000027 /* ClassroomListView.swift */; };
        100000272000002730000027 /* ClassroomListView.swift */ = {isa = PBXFileReference; lastKnownFileType = sourcecode.swift; path = "SmartGradeScanner/Views/Classrooms/ClassroomListView.swift"; sourceTree = SOURCE_ROOT; };
        100004102000041030000410 /* EmptyStateView.swift in Sources */ = {isa = PBXBuildFile; fileRef = 100000282000002830000028 /* EmptyStateView.swift */; };
        100000282000002830000028 /* EmptyStateView.swift */ = {isa = PBXFileReference; lastKnownFileType = sourcecode.swift; path = "SmartGradeScanner/Views/Components/EmptyStateView.swift"; sourceTree = SOURCE_ROOT; };
        100004112000041130000411 /* MetricCard.swift in Sources */ = {isa = PBXBuildFile; fileRef = 100000292000002930000029 /* MetricCard.swift */; };
        100000292000002930000029 /* MetricCard.swift */ = {isa = PBXFileReference; lastKnownFileType = sourcecode.swift; path = "SmartGradeScanner/Views/Components/MetricCard.swift"; sourceTree = SOURCE_ROOT; };
        100004122000041230000412 /* StatusBadge.swift in Sources */ = {isa = PBXBuildFile; fileRef = 1000002A2000002A3000002A /* StatusBadge.swift */; };
        1000002A2000002A3000002A /* StatusBadge.swift */ = {isa = PBXFileReference; lastKnownFileType = sourcecode.swift; path = "SmartGradeScanner/Views/Components/StatusBadge.swift"; sourceTree = SOURCE_ROOT; };
        100004132000041330000413 /* AnswerKeyView.swift in Sources */ = {isa = PBXBuildFile; fileRef = 1000002B2000002B3000002B /* AnswerKeyView.swift */; };
        1000002B2000002B3000002B /* AnswerKeyView.swift */ = {isa = PBXFileReference; lastKnownFileType = sourcecode.swift; path = "SmartGradeScanner/Views/Exams/AnswerKeyView.swift"; sourceTree = SOURCE_ROOT; };
        100004142000041430000414 /* CreateExamView.swift in Sources */ = {isa = PBXBuildFile; fileRef = 1000002C2000002C3000002C /* CreateExamView.swift */; };
        1000002C2000002C3000002C /* CreateExamView.swift */ = {isa = PBXFileReference; lastKnownFileType = sourcecode.swift; path = "SmartGradeScanner/Views/Exams/CreateExamView.swift"; sourceTree = SOURCE_ROOT; };
        100004152000041530000415 /* ExamDetailView.swift in Sources */ = {isa = PBXBuildFile; fileRef = 1000002D2000002D3000002D /* ExamDetailView.swift */; };
        1000002D2000002D3000002D /* ExamDetailView.swift */ = {isa = PBXFileReference; lastKnownFileType = sourcecode.swift; path = "SmartGradeScanner/Views/Exams/ExamDetailView.swift"; sourceTree = SOURCE_ROOT; };
        100004162000041630000416 /* ExamListView.swift in Sources */ = {isa = PBXBuildFile; fileRef = 1000002E2000002E3000002E /* ExamListView.swift */; };
        1000002E2000002E3000002E /* ExamListView.swift */ = {isa = PBXFileReference; lastKnownFileType = sourcecode.swift; path = "SmartGradeScanner/Views/Exams/ExamListView.swift"; sourceTree = SOURCE_ROOT; };
        100004172000041730000417 /* TemplateEditorView.swift in Sources */ = {isa = PBXBuildFile; fileRef = 1000002F2000002F3000002F /* TemplateEditorView.swift */; };
        1000002F2000002F3000002F /* TemplateEditorView.swift */ = {isa = PBXFileReference; lastKnownFileType = sourcecode.swift; path = "SmartGradeScanner/Views/Exams/TemplateEditorView.swift"; sourceTree = SOURCE_ROOT; };
        100004182000041830000418 /* HistoryView.swift in Sources */ = {isa = PBXBuildFile; fileRef = 100000302000003030000030 /* HistoryView.swift */; };
        100000302000003030000030 /* HistoryView.swift */ = {isa = PBXFileReference; lastKnownFileType = sourcecode.swift; path = "SmartGradeScanner/Views/History/HistoryView.swift"; sourceTree = SOURCE_ROOT; };
        100004192000041930000419 /* HomeView.swift in Sources */ = {isa = PBXBuildFile; fileRef = 100000312000003130000031 /* HomeView.swift */; };
        100000312000003130000031 /* HomeView.swift */ = {isa = PBXFileReference; lastKnownFileType = sourcecode.swift; path = "SmartGradeScanner/Views/Home/HomeView.swift"; sourceTree = SOURCE_ROOT; };
        1000041A2000041A3000041A /* HomeViewModel.swift in Sources */ = {isa = PBXBuildFile; fileRef = 100000322000003230000032 /* HomeViewModel.swift */; };
        100000322000003230000032 /* HomeViewModel.swift */ = {isa = PBXFileReference; lastKnownFileType = sourcecode.swift; path = "SmartGradeScanner/Views/Home/HomeViewModel.swift"; sourceTree = SOURCE_ROOT; };
        1000041B2000041B3000041B /* CorrectedSheetOverlay.swift in Sources */ = {isa = PBXBuildFile; fileRef = 100000332000003330000033 /* CorrectedSheetOverlay.swift */; };
        100000332000003330000033 /* CorrectedSheetOverlay.swift */ = {isa = PBXFileReference; lastKnownFileType = sourcecode.swift; path = "SmartGradeScanner/Views/Results/CorrectedSheetOverlay.swift"; sourceTree = SOURCE_ROOT; };
        1000041C2000041C3000041C /* ResultDetailView.swift in Sources */ = {isa = PBXBuildFile; fileRef = 100000342000003430000034 /* ResultDetailView.swift */; };
        100000342000003430000034 /* ResultDetailView.swift */ = {isa = PBXFileReference; lastKnownFileType = sourcecode.swift; path = "SmartGradeScanner/Views/Results/ResultDetailView.swift"; sourceTree = SOURCE_ROOT; };
        1000041D2000041D3000041D /* RootView.swift in Sources */ = {isa = PBXBuildFile; fileRef = 100000352000003530000035 /* RootView.swift */; };
        100000352000003530000035 /* RootView.swift */ = {isa = PBXFileReference; lastKnownFileType = sourcecode.swift; path = "SmartGradeScanner/Views/RootView.swift"; sourceTree = SOURCE_ROOT; };
        1000041E2000041E3000041E /* ScannerView.swift in Sources */ = {isa = PBXBuildFile; fileRef = 100000362000003630000036 /* ScannerView.swift */; };
        100000362000003630000036 /* ScannerView.swift */ = {isa = PBXFileReference; lastKnownFileType = sourcecode.swift; path = "SmartGradeScanner/Views/Scanner/ScannerView.swift"; sourceTree = SOURCE_ROOT; };
        1000041F2000041F3000041F /* SettingsView.swift in Sources */ = {isa = PBXBuildFile; fileRef = 100000372000003730000037 /* SettingsView.swift */; };
        100000372000003730000037 /* SettingsView.swift */ = {isa = PBXFileReference; lastKnownFileType = sourcecode.swift; path = "SmartGradeScanner/Views/Settings/SettingsView.swift"; sourceTree = SOURCE_ROOT; };
        100004202000042030000420 /* StatisticsView.swift in Sources */ = {isa = PBXBuildFile; fileRef = 100000382000003830000038 /* StatisticsView.swift */; };
        100000382000003830000038 /* StatisticsView.swift */ = {isa = PBXFileReference; lastKnownFileType = sourcecode.swift; path = "SmartGradeScanner/Views/Statistics/StatisticsView.swift"; sourceTree = SOURCE_ROOT; };
        100004212000042130000421 /* StudentListView.swift in Sources */ = {isa = PBXBuildFile; fileRef = 100000392000003930000039 /* StudentListView.swift */; };
        100000392000003930000039 /* StudentListView.swift */ = {isa = PBXFileReference; lastKnownFileType = sourcecode.swift; path = "SmartGradeScanner/Views/Students/StudentListView.swift"; sourceTree = SOURCE_ROOT; };
        100005DD200005DD300005DD /* BubbleClassifierTests.swift in Sources */ = {isa = PBXBuildFile; fileRef = 100001F5200001F5300001F5 /* BubbleClassifierTests.swift */; };
        100001F5200001F5300001F5 /* BubbleClassifierTests.swift */ = {isa = PBXFileReference; lastKnownFileType = sourcecode.swift; path = "SmartGradeScannerTests/BubbleClassifierTests.swift"; sourceTree = SOURCE_ROOT; };
        100005DE200005DE300005DE /* GradingServiceTests.swift in Sources */ = {isa = PBXBuildFile; fileRef = 100001F6200001F6300001F6 /* GradingServiceTests.swift */; };
        100001F6200001F6300001F6 /* GradingServiceTests.swift */ = {isa = PBXFileReference; lastKnownFileType = sourcecode.swift; path = "SmartGradeScannerTests/GradingServiceTests.swift"; sourceTree = SOURCE_ROOT; };
        100005DF200005DF300005DF /* OMRProcessorTests.swift in Sources */ = {isa = PBXBuildFile; fileRef = 100001F7200001F7300001F7 /* OMRProcessorTests.swift */; };
        100001F7200001F7300001F7 /* OMRProcessorTests.swift */ = {isa = PBXFileReference; lastKnownFileType = sourcecode.swift; path = "SmartGradeScannerTests/OMRProcessorTests.swift"; sourceTree = SOURCE_ROOT; };
        100005E0200005E0300005E0 /* StudentIDDetectorTests.swift in Sources */ = {isa = PBXBuildFile; fileRef = 100001F8200001F8300001F8 /* StudentIDDetectorTests.swift */; };
        100001F8200001F8300001F8 /* StudentIDDetectorTests.swift */ = {isa = PBXFileReference; lastKnownFileType = sourcecode.swift; path = "SmartGradeScannerTests/StudentIDDetectorTests.swift"; sourceTree = SOURCE_ROOT; };
        100005E1200005E1300005E1 /* ThresholdCalibratorTests.swift in Sources */ = {isa = PBXBuildFile; fileRef = 100001F9200001F9300001F9 /* ThresholdCalibratorTests.swift */; };
        100001F9200001F9300001F9 /* ThresholdCalibratorTests.swift */ = {isa = PBXFileReference; lastKnownFileType = sourcecode.swift; path = "SmartGradeScannerTests/ThresholdCalibratorTests.swift"; sourceTree = SOURCE_ROOT; };
        E00000000000000000000016 /* Assets.xcassets in Resources */ = {isa = PBXBuildFile; fileRef = E00000000000000000000014 /* Assets.xcassets */; };
        E00000000000000000000017 /* PrivacyInfo.xcprivacy in Resources */ = {isa = PBXBuildFile; fileRef = E00000000000000000000015 /* PrivacyInfo.xcprivacy */; };
        E00000000000000000000020 /* AVFoundation.framework in Frameworks */ = {isa = PBXBuildFile; fileRef = E00000000000000000000021 /* AVFoundation.framework */; };
        E00000000000000000000021 /* AVFoundation.framework */ = {isa = PBXFileReference; lastKnownFileType = wrapper.framework; name = "AVFoundation.framework"; path = "System/Library/Frameworks/AVFoundation.framework"; sourceTree = SDKROOT; };
        E00000000000000000000022 /* Vision.framework in Frameworks */ = {isa = PBXBuildFile; fileRef = E00000000000000000000023 /* Vision.framework */; };
        E00000000000000000000023 /* Vision.framework */ = {isa = PBXFileReference; lastKnownFileType = wrapper.framework; name = "Vision.framework"; path = "System/Library/Frameworks/Vision.framework"; sourceTree = SDKROOT; };
        E00000000000000000000024 /* VisionKit.framework in Frameworks */ = {isa = PBXBuildFile; fileRef = E00000000000000000000025 /* VisionKit.framework */; };
        E00000000000000000000025 /* VisionKit.framework */ = {isa = PBXFileReference; lastKnownFileType = wrapper.framework; name = "VisionKit.framework"; path = "System/Library/Frameworks/VisionKit.framework"; sourceTree = SDKROOT; };
        E00000000000000000000026 /* CoreImage.framework in Frameworks */ = {isa = PBXBuildFile; fileRef = E00000000000000000000027 /* CoreImage.framework */; };
        E00000000000000000000027 /* CoreImage.framework */ = {isa = PBXFileReference; lastKnownFileType = wrapper.framework; name = "CoreImage.framework"; path = "System/Library/Frameworks/CoreImage.framework"; sourceTree = SDKROOT; };
        E00000000000000000000028 /* PhotosUI.framework in Frameworks */ = {isa = PBXBuildFile; fileRef = E00000000000000000000029 /* PhotosUI.framework */; };
        E00000000000000000000029 /* PhotosUI.framework */ = {isa = PBXFileReference; lastKnownFileType = wrapper.framework; name = "PhotosUI.framework"; path = "System/Library/Frameworks/PhotosUI.framework"; sourceTree = SDKROOT; };
        E0000000000000000000002A /* PDFKit.framework in Frameworks */ = {isa = PBXBuildFile; fileRef = E0000000000000000000002B /* PDFKit.framework */; };
        E0000000000000000000002B /* PDFKit.framework */ = {isa = PBXFileReference; lastKnownFileType = wrapper.framework; name = "PDFKit.framework"; path = "System/Library/Frameworks/PDFKit.framework"; sourceTree = SDKROOT; };
        E0000000000000000000002C /* UIKit.framework in Frameworks */ = {isa = PBXBuildFile; fileRef = E0000000000000000000002D /* UIKit.framework */; };
        E0000000000000000000002D /* UIKit.framework */ = {isa = PBXFileReference; lastKnownFileType = wrapper.framework; name = "UIKit.framework"; path = "System/Library/Frameworks/UIKit.framework"; sourceTree = SDKROOT; };
        E00000000000000000000014 /* Assets.xcassets */ = {isa = PBXFileReference; lastKnownFileType = folder.assetcatalog; path = "SmartGradeScanner/Resources/Assets.xcassets"; sourceTree = SOURCE_ROOT; };
        E00000000000000000000015 /* PrivacyInfo.xcprivacy */ = {isa = PBXFileReference; lastKnownFileType = text.plist.xml; path = "SmartGradeScanner/Resources/PrivacyInfo.xcprivacy"; sourceTree = SOURCE_ROOT; };
        E00000000000000000000010 /* SmartGradeScanner.app */ = {isa = PBXFileReference; explicitFileType = wrapper.application; includeInIndex = 0; path = SmartGradeScanner.app; sourceTree = BUILT_PRODUCTS_DIR; };
        E00000000000000000000011 /* SmartGradeScannerTests.xctest */ = {isa = PBXFileReference; explicitFileType = wrapper.cfbundle; includeInIndex = 0; path = SmartGradeScannerTests.xctest; sourceTree = BUILT_PRODUCTS_DIR; };
        E00000000000000000000012 /* Tests target proxy */ = {isa = PBXContainerItemProxy; containerPortal = E00000000000000000000001 /* Project object */; proxyType = 1; remoteGlobalIDString = E00000000000000000000002; remoteInfo = SmartGradeScanner; };
        E00000000000000000000013 /* Tests depend on app */ = {isa = PBXTargetDependency; target = E00000000000000000000002 /* SmartGradeScanner */; targetProxy = E00000000000000000000012 /* Tests target proxy */; };
        E00000000000000000000002 /* SmartGradeScanner */ = {isa = PBXNativeTarget; buildConfigurationList = E00000000000000000000004 /* App configurations */; buildPhases = (E0000000000000000000000B, E0000000000000000000000C, E0000000000000000000000D); buildRules = (); dependencies = (); name = SmartGradeScanner; productName = SmartGradeScanner; productReference = E00000000000000000000010; productType = "com.apple.product-type.application"; };
        E00000000000000000000003 /* SmartGradeScannerTests */ = {isa = PBXNativeTarget; buildConfigurationList = E00000000000000000000005 /* Tests configurations */; buildPhases = (E0000000000000000000000E, E0000000000000000000000F); buildRules = (); dependencies = (E00000000000000000000013); name = SmartGradeScannerTests; productName = SmartGradeScannerTests; productReference = E00000000000000000000011; productType = "com.apple.product-type.bundle.unit-test"; };
        E0000000000000000000000B /* App Sources */ = {isa = PBXSourcesBuildPhase; files = (100003E9200003E9300003E9 /* AppError.swift in Sources */, 100003EA200003EA300003EA /* SmartGradeScannerApp.swift in Sources */, 100003EB200003EB300003EB /* AnswerKey.swift in Sources */, 100003EC200003EC300003EC /* Classroom.swift in Sources */, 100003ED200003ED300003ED /* Exam.swift in Sources */, 100003EE200003EE300003EE /* ExamResult.swift in Sources */, 100003EF200003EF300003EF /* ExamTemplate.swift in Sources */, 100003F0200003F0300003F0 /* OMRTypes.swift in Sources */, 100003F1200003F1300003F1 /* Question.swift in Sources */, 100003F2200003F2300003F2 /* ScanSession.swift in Sources */, 100003F3200003F3300003F3 /* Student.swift in Sources */, 100003F4200003F4300003F4 /* StudentResponse.swift in Sources */, 100003F5200003F5300003F5 /* ModelContainerFactory.swift in Sources */, 100003F6200003F6300003F6 /* SampleDataSeeder.swift in Sources */, 100003F7200003F7300003F7 /* CameraPermissionService.swift in Sources */, 100003F8200003F8300003F8 /* CameraPreview.swift in Sources */, 100003F9200003F9300003F9 /* CameraService.swift in Sources */, 100003FA200003FA300003FA /* DocumentScannerView.swift in Sources */, 100003FB200003FB300003FB /* LiveDocumentDetector.swift in Sources */, 100003FC200003FC300003FC /* CSVExportService.swift in Sources */, 100003FD200003FD300003FD /* PDFReportService.swift in Sources */, 100003FE200003FE300003FE /* GradingService.swift in Sources */, 100003FF200003FF300003FF /* StatisticsService.swift in Sources */, 100004002000040030000400 /* OCRService.swift in Sources */, 100004012000040130000401 /* BubbleClassifier.swift in Sources */, 100004022000040230000402 /* DocumentDetectionService.swift in Sources */, 100004032000040330000403 /* GrayImage.swift in Sources */, 100004042000040430000404 /* HomographySolver.swift in Sources */, 100004052000040530000405 /* ImagePreprocessor.swift in Sources */, 100004062000040630000406 /* ImageQualityAnalyzer.swift in Sources */, 100004072000040730000407 /* MarkerDetectionService.swift in Sources */, 100004082000040830000408 /* OMRProcessor.swift in Sources */, 100004092000040930000409 /* StudentIDDetector.swift in Sources */, 1000040A2000040A3000040A /* TemplateAlignmentService.swift in Sources */, 1000040B2000040B3000040B /* ThresholdCalibrator.swift in Sources */, 1000040C2000040C3000040C /* ImageRenderer.swift in Sources */, 1000040D2000040D3000040D /* ScannerViewModel.swift in Sources */, 1000040E2000040E3000040E /* StudentsViewModel.swift in Sources */, 1000040F2000040F3000040F /* ClassroomListView.swift in Sources */, 100004102000041030000410 /* EmptyStateView.swift in Sources */, 100004112000041130000411 /* MetricCard.swift in Sources */, 100004122000041230000412 /* StatusBadge.swift in Sources */, 100004132000041330000413 /* AnswerKeyView.swift in Sources */, 100004142000041430000414 /* CreateExamView.swift in Sources */, 100004152000041530000415 /* ExamDetailView.swift in Sources */, 100004162000041630000416 /* ExamListView.swift in Sources */, 100004172000041730000417 /* TemplateEditorView.swift in Sources */, 100004182000041830000418 /* HistoryView.swift in Sources */, 100004192000041930000419 /* HomeView.swift in Sources */, 1000041A2000041A3000041A /* HomeViewModel.swift in Sources */, 1000041B2000041B3000041B /* CorrectedSheetOverlay.swift in Sources */, 1000041C2000041C3000041C /* ResultDetailView.swift in Sources */, 1000041D2000041D3000041D /* RootView.swift in Sources */, 1000041E2000041E3000041E /* ScannerView.swift in Sources */, 1000041F2000041F3000041F /* SettingsView.swift in Sources */, 100004202000042030000420 /* StatisticsView.swift in Sources */, 100004212000042130000421 /* StudentListView.swift in Sources */); runOnlyForDeploymentPostprocessing = 0; };
        E0000000000000000000000E /* Tests Sources */ = {isa = PBXSourcesBuildPhase; files = (100005DD200005DD300005DD /* BubbleClassifierTests.swift in Sources */, 100005DE200005DE300005DE /* GradingServiceTests.swift in Sources */, 100005DF200005DF300005DF /* OMRProcessorTests.swift in Sources */, 100005E0200005E0300005E0 /* StudentIDDetectorTests.swift in Sources */, 100005E1200005E1300005E1 /* ThresholdCalibratorTests.swift in Sources */); runOnlyForDeploymentPostprocessing = 0; };
        E0000000000000000000000C /* App Resources */ = {isa = PBXResourcesBuildPhase; files = (E00000000000000000000016, E00000000000000000000017); runOnlyForDeploymentPostprocessing = 0; };
        E0000000000000000000000F /* Tests Resources */ = {isa = PBXResourcesBuildPhase; files = (); runOnlyForDeploymentPostprocessing = 0; };
        E0000000000000000000000D /* App Frameworks */ = {isa = PBXFrameworksBuildPhase; files = (E00000000000000000000020 /* AVFoundation.framework in Frameworks */, E00000000000000000000022 /* Vision.framework in Frameworks */, E00000000000000000000024 /* VisionKit.framework in Frameworks */, E00000000000000000000026 /* CoreImage.framework in Frameworks */, E00000000000000000000028 /* PhotosUI.framework in Frameworks */, E0000000000000000000002A /* PDFKit.framework in Frameworks */, E0000000000000000000002C /* UIKit.framework in Frameworks */); runOnlyForDeploymentPostprocessing = 0; };
        E00000000000000000000007 /* Main Group */ = {isa = PBXGroup; children = (E00000000000000000000008, E00000000000000000000009, E0000000000000000000000A); sourceTree = "<group>"; };
        E00000000000000000000008 /* SmartGradeScanner group */ = {isa = PBXGroup; children = (100000012000000130000001 /* AppError.swift */, 100000022000000230000002 /* SmartGradeScannerApp.swift */, 100000032000000330000003 /* AnswerKey.swift */, 100000042000000430000004 /* Classroom.swift */, 100000052000000530000005 /* Exam.swift */, 100000062000000630000006 /* ExamResult.swift */, 100000072000000730000007 /* ExamTemplate.swift */, 100000082000000830000008 /* OMRTypes.swift */, 100000092000000930000009 /* Question.swift */, 1000000A2000000A3000000A /* ScanSession.swift */, 1000000B2000000B3000000B /* Student.swift */, 1000000C2000000C3000000C /* StudentResponse.swift */, 1000000D2000000D3000000D /* ModelContainerFactory.swift */, 1000000E2000000E3000000E /* SampleDataSeeder.swift */, 1000000F2000000F3000000F /* CameraPermissionService.swift */, 100000102000001030000010 /* CameraPreview.swift */, 100000112000001130000011 /* CameraService.swift */, 100000122000001230000012 /* DocumentScannerView.swift */, 100000132000001330000013 /* LiveDocumentDetector.swift */, 100000142000001430000014 /* CSVExportService.swift */, 100000152000001530000015 /* PDFReportService.swift */, 100000162000001630000016 /* GradingService.swift */, 100000172000001730000017 /* StatisticsService.swift */, 100000182000001830000018 /* OCRService.swift */, 100000192000001930000019 /* BubbleClassifier.swift */, 1000001A2000001A3000001A /* DocumentDetectionService.swift */, 1000001B2000001B3000001B /* GrayImage.swift */, 1000001C2000001C3000001C /* HomographySolver.swift */, 1000001D2000001D3000001D /* ImagePreprocessor.swift */, 1000001E2000001E3000001E /* ImageQualityAnalyzer.swift */, 1000001F2000001F3000001F /* MarkerDetectionService.swift */, 100000202000002030000020 /* OMRProcessor.swift */, 100000212000002130000021 /* StudentIDDetector.swift */, 100000222000002230000022 /* TemplateAlignmentService.swift */, 100000232000002330000023 /* ThresholdCalibrator.swift */, 100000242000002430000024 /* ImageRenderer.swift */, 100000252000002530000025 /* ScannerViewModel.swift */, 100000262000002630000026 /* StudentsViewModel.swift */, 100000272000002730000027 /* ClassroomListView.swift */, 100000282000002830000028 /* EmptyStateView.swift */, 100000292000002930000029 /* MetricCard.swift */, 1000002A2000002A3000002A /* StatusBadge.swift */, 1000002B2000002B3000002B /* AnswerKeyView.swift */, 1000002C2000002C3000002C /* CreateExamView.swift */, 1000002D2000002D3000002D /* ExamDetailView.swift */, 1000002E2000002E3000002E /* ExamListView.swift */, 1000002F2000002F3000002F /* TemplateEditorView.swift */, 100000302000003030000030 /* HistoryView.swift */, 100000312000003130000031 /* HomeView.swift */, 100000322000003230000032 /* HomeViewModel.swift */, 100000332000003330000033 /* CorrectedSheetOverlay.swift */, 100000342000003430000034 /* ResultDetailView.swift */, 100000352000003530000035 /* RootView.swift */, 100000362000003630000036 /* ScannerView.swift */, 100000372000003730000037 /* SettingsView.swift */, 100000382000003830000038 /* StatisticsView.swift */, 100000392000003930000039 /* StudentListView.swift */, E00000000000000000000014, E00000000000000000000015, E00000000000000000000021 /* AVFoundation.framework */, E00000000000000000000023 /* Vision.framework */, E00000000000000000000025 /* VisionKit.framework */, E00000000000000000000027 /* CoreImage.framework */, E00000000000000000000029 /* PhotosUI.framework */, E0000000000000000000002B /* PDFKit.framework */, E0000000000000000000002D /* UIKit.framework */); path = SmartGradeScanner; sourceTree = SOURCE_ROOT; };
        E00000000000000000000009 /* SmartGradeScannerTests group */ = {isa = PBXGroup; children = (100001F5200001F5300001F5 /* BubbleClassifierTests.swift */, 100001F6200001F6300001F6 /* GradingServiceTests.swift */, 100001F7200001F7300001F7 /* OMRProcessorTests.swift */, 100001F8200001F8300001F8 /* StudentIDDetectorTests.swift */, 100001F9200001F9300001F9 /* ThresholdCalibratorTests.swift */); path = SmartGradeScannerTests; sourceTree = SOURCE_ROOT; };
        E0000000000000000000000A /* Products */ = {isa = PBXGroup; children = (E00000000000000000000010, E00000000000000000000011); name = Products; sourceTree = "<group>"; };
        E00000000000000000000001 /* Project object */ = {isa = PBXProject; attributes = {LastUpgradeCheck = 1600; TargetAttributes = {E00000000000000000000002 = {CreatedOnToolsVersion = 16.0;}; E00000000000000000000003 = {CreatedOnToolsVersion = 16.0; TestTargetID = E00000000000000000000002;};};}; buildConfigurationList = E00000000000000000000006; compatibilityVersion = "Xcode 15.0"; developmentRegion = en; hasScannedForEncodings = 0; knownRegions = (en, Base); mainGroup = E00000000000000000000007; productRefGroup = E0000000000000000000000A; projectDirPath = ""; projectRoot = ""; targets = (E00000000000000000000002, E00000000000000000000003); };
        E00000000000000000000006 /* Project configurations */ = {isa = XCConfigurationList; buildConfigurations = (E0000000000000000000001C, E0000000000000000000001D); defaultConfigurationIsVisible = 0; defaultConfigurationName = Release; };
        E00000000000000000000004 /* App configurations */ = {isa = XCConfigurationList; buildConfigurations = (E00000000000000000000018, E00000000000000000000019); defaultConfigurationIsVisible = 0; defaultConfigurationName = Release; };
        E00000000000000000000005 /* Tests configurations */ = {isa = XCConfigurationList; buildConfigurations = (E0000000000000000000001A, E0000000000000000000001B); defaultConfigurationIsVisible = 0; defaultConfigurationName = Release; };
        E0000000000000000000001C /* Project Debug */ = {isa = XCBuildConfiguration; buildSettings = {ALWAYS_SEARCH_USER_PATHS = NO; IPHONEOS_DEPLOYMENT_TARGET = 17.0; SWIFT_VERSION = 6.0; }; name = Debug; };
        E0000000000000000000001D /* Project Release */ = {isa = XCBuildConfiguration; buildSettings = {ALWAYS_SEARCH_USER_PATHS = NO; IPHONEOS_DEPLOYMENT_TARGET = 17.0; SWIFT_VERSION = 6.0; }; name = Release; };
        E00000000000000000000018 /* App Debug */ = {isa = XCBuildConfiguration; buildSettings = {ASSETCATALOG_COMPILER_APPICON_NAME = AppIcon; CODE_SIGNING_ALLOWED = NO; CODE_SIGNING_REQUIRED = NO; CODE_SIGN_IDENTITY = ""; CURRENT_PROJECT_VERSION = 1; GENERATE_INFOPLIST_FILE = NO; INFOPLIST_FILE = "SmartGradeScanner/Resources/Info.plist"; IPHONEOS_DEPLOYMENT_TARGET = 17.0; MARKETING_VERSION = 1.0; PRODUCT_BUNDLE_IDENTIFIER = com.smartgrade.scanner; PRODUCT_MODULE_NAME = SmartGradeScanner; PRODUCT_NAME = SmartGradeScanner; SDKROOT = iphoneos; SUPPORTED_PLATFORMS = "iphoneos iphonesimulator"; SWIFT_STRICT_CONCURRENCY = complete; SWIFT_VERSION = 6.0; TARGETED_DEVICE_FAMILY = "1,2"; }; name = Debug; };
        E00000000000000000000019 /* App Release */ = {isa = XCBuildConfiguration; buildSettings = {ASSETCATALOG_COMPILER_APPICON_NAME = AppIcon; CODE_SIGNING_ALLOWED = NO; CODE_SIGNING_REQUIRED = NO; CODE_SIGN_IDENTITY = ""; CURRENT_PROJECT_VERSION = 1; GENERATE_INFOPLIST_FILE = NO; INFOPLIST_FILE = "SmartGradeScanner/Resources/Info.plist"; IPHONEOS_DEPLOYMENT_TARGET = 17.0; MARKETING_VERSION = 1.0; PRODUCT_BUNDLE_IDENTIFIER = com.smartgrade.scanner; PRODUCT_MODULE_NAME = SmartGradeScanner; PRODUCT_NAME = SmartGradeScanner; SDKROOT = iphoneos; SUPPORTED_PLATFORMS = "iphoneos iphonesimulator"; SWIFT_STRICT_CONCURRENCY = complete; SWIFT_VERSION = 6.0; TARGETED_DEVICE_FAMILY = "1,2"; }; name = Release; };
        E0000000000000000000001A /* Tests Debug */ = {isa = XCBuildConfiguration; buildSettings = {BUNDLE_LOADER = "$(TEST_HOST)"; GENERATE_INFOPLIST_FILE = YES; IPHONEOS_DEPLOYMENT_TARGET = 17.0; PRODUCT_BUNDLE_IDENTIFIER = com.smartgrade.scanner.tests; SDKROOT = iphoneos; SUPPORTED_PLATFORMS = "iphoneos iphonesimulator"; SWIFT_STRICT_CONCURRENCY = complete; SWIFT_VERSION = 6.0; TARGETED_DEVICE_FAMILY = "1,2"; TEST_HOST = "$(BUILT_PRODUCTS_DIR)/SmartGradeScanner.app/SmartGradeScanner"; }; name = Debug; };
        E0000000000000000000001B /* Tests Release */ = {isa = XCBuildConfiguration; buildSettings = {BUNDLE_LOADER = "$(TEST_HOST)"; GENERATE_INFOPLIST_FILE = YES; IPHONEOS_DEPLOYMENT_TARGET = 17.0; PRODUCT_BUNDLE_IDENTIFIER = com.smartgrade.scanner.tests; SDKROOT = iphoneos; SUPPORTED_PLATFORMS = "iphoneos iphonesimulator"; SWIFT_STRICT_CONCURRENCY = complete; SWIFT_VERSION = 6.0; TARGETED_DEVICE_FAMILY = "1,2"; TEST_HOST = "$(BUILT_PRODUCTS_DIR)/SmartGradeScanner.app/SmartGradeScanner"; }; name = Release; };
    };
    rootObject = E00000000000000000000001;
}
